
Microsoft Visual Studio Solution File, Format Version 12.00
# Visual Studio Version 17
VisualStudioVersion = 17.0.31919.166
MinimumVisualStudioVersion = 10.0.40219.1
Project("{FAE04EC0-301F-11D3-BF4B-00C04F79EFBC}") = "ProjetoTeste", "ProjetoTeste\ProjetoTeste.csproj", "{6AA26010-EE07-40EC-8174-C30295580BE7}"
EndProject
Project("{FAE04EC0-301F-11D3-BF4B-00C04F79EFBC}") = "MSTest", "MSTest\MSTest.csproj", "{2435FA50-2349-4DA0-A40D-0E609BB8AFA5}"
EndProject
Project("{FAE04EC0-301F-11D3-BF4B-00C04F79EFBC}") = "xUnitTest", "xUnitTest\xUnitTest.csproj", "{37ECD914-87F7-4DFF-8FD7-FCD2DCED286C}"
EndProject
Global
	GlobalSection(SolutionConfigurationPlatforms) = preSolution
		Debug|Any CPU = Debug|Any CPU
		Release|Any CPU = Release|Any CPU
	EndGlobalSection
	GlobalSection(ProjectConfigurationPlatforms) = postSolution
		{6AA26010-EE07-40EC-8174-C30295580BE7}.Debug|Any CPU.ActiveCfg = Debug|Any CPU
		{6AA26010-EE07-40EC-8174-C30295580BE7}.Debug|Any CPU.Build.0 = Debug|Any CPU
		{6AA26010-EE07-40EC-8174-C30295580BE7}.Release|Any CPU.ActiveCfg = Release|Any CPU
		{6AA26010-EE07-40EC-8174-C30295580BE7}.Release|Any CPU.Build.0 = Release|Any CPU
		{2435FA50-2349-4DA0-A40D-0E609BB8AFA5}.Debug|Any CPU.ActiveCfg = Debug|Any CPU
		{2435FA50-2349-4DA0-A40D-0E609BB8AFA5}.Debug|Any CPU.Build.0 = Debug|Any CPU
		{2435FA50-2349-4DA0-A40D-0E609BB8AFA5}.Release|Any CPU.ActiveCfg = Release|Any CPU
		{2435FA50-2349-4DA0-A40D-0E609BB8AFA5}.Release|Any CPU.Build.0 = Release|Any CPU
		{37ECD914-87F7-4DFF-8FD7-FCD2DCED286C}.Debug|Any CPU.ActiveCfg = Debug|Any CPU
		{37ECD914-87F7-4DFF-8FD7-FCD2DCED286C}.Debug|Any CPU.Build.0 = Debug|Any CPU
		{37ECD914-87F7-4DFF-8FD7-FCD2DCED286C}.Release|Any CPU.ActiveCfg = Release|Any CPU
		{37ECD914-87F7-4DFF-8FD7-FCD2DCED286C}.Release|Any CPU.Build.0 = Release|Any CPU
	EndGlobalSection
	GlobalSection(SolutionProperties) = preSolution
		HideSolutionNode = FALSE
	EndGlobalSection
	GlobalSection(ExtensibilityGlobals) = postSolution
		SolutionGuid = {A10BF05B-76B9-4069-9F7C-A8F44731F855}
	EndGlobalSection
EndGlobal
